
Microsoft Visual Studio Solution File, Format Version 12.00
# Visual Studio Version 16
VisualStudioVersion = 16.0.31515.178
MinimumVisualStudioVersion = 10.0.40219.1
Project("{9A19103F-16F7-4668-BE54-9A1E7A4F7556}") = "theDadApp", "theDadApp\theDadApp.csproj", "{384EFC46-5618-4219-8316-E01822740B5C}"
EndProject
Project("{2150E333-8FDC-42A3-9474-1A3956D46DE8}") = "etc", "etc", "{659BC46A-64EC-454D-A3F5-2AE72CF79691}"
	ProjectSection(SolutionItems) = preProject
		azure-pipelines.yml = azure-pipelines.yml
		.github\workflows\theDadApp.yml = .github\workflows\theDadApp.yml
	EndProjectSection
EndProject
Project("{151D2E53-A2C4-4D7D-83FE-D05416EBD58E}") = "Deploy", "Deploy\Deploy.deployproj", "{A3853B8A-F3DC-4B70-B456-BB5A7BD8E296}"
EndProject
Global
	GlobalSection(SolutionConfigurationPlatforms) = preSolution
		Debug|Any CPU = Debug|Any CPU
		Release|Any CPU = Release|Any CPU
	EndGlobalSection
	GlobalSection(ProjectConfigurationPlatforms) = postSolution
		{384EFC46-5618-4219-8316-E01822740B5C}.Debug|Any CPU.ActiveCfg = Debug|Any CPU
		{384EFC46-5618-4219-8316-E01822740B5C}.Debug|Any CPU.Build.0 = Debug|Any CPU
		{384EFC46-5618-4219-8316-E01822740B5C}.Release|Any CPU.ActiveCfg = Release|Any CPU
		{384EFC46-5618-4219-8316-E01822740B5C}.Release|Any CPU.Build.0 = Release|Any CPU
		{A3853B8A-F3DC-4B70-B456-BB5A7BD8E296}.Debug|Any CPU.ActiveCfg = Debug|Any CPU
		{A3853B8A-F3DC-4B70-B456-BB5A7BD8E296}.Debug|Any CPU.Build.0 = Debug|Any CPU
		{A3853B8A-F3DC-4B70-B456-BB5A7BD8E296}.Release|Any CPU.ActiveCfg = Release|Any CPU
		{A3853B8A-F3DC-4B70-B456-BB5A7BD8E296}.Release|Any CPU.Build.0 = Release|Any CPU
	EndGlobalSection
	GlobalSection(SolutionProperties) = preSolution
		HideSolutionNode = FALSE
	EndGlobalSection
	GlobalSection(ExtensibilityGlobals) = postSolution
		SolutionGuid = {7B0DA8AE-3093-408E-8B43-FE930648F3C3}
	EndGlobalSection
EndGlobal
